
Microsoft Visual Studio Solution File, Format Version 12.00
# Visual Studio Version 17
VisualStudioVersion = 17.6.33513.286
MinimumVisualStudioVersion = 10.0.40219.1
Project("{FAE04EC0-301F-11D3-BF4B-00C04F79EFBC}") = "LinkedList", "Tasks\LinkedList.csproj", "{2586F386-29DA-4D83-AB92-D3620AE2DA9D}"
EndProject
Project("{FAE04EC0-301F-11D3-BF4B-00C04F79EFBC}") = "StackImp", "StackImp\StackImp.csproj", "{540386EA-8337-4723-BC62-6E70FCE52CE5}"
EndProject
Project("{FAE04EC0-301F-11D3-BF4B-00C04F79EFBC}") = "QueueImp", "QueueImp\QueueImp.csproj", "{C101FA70-21E0-4188-88F7-2C447218CE31}"
EndProject
Global
	GlobalSection(SolutionConfigurationPlatforms) = preSolution
		Debug|Any CPU = Debug|Any CPU
		Release|Any CPU = Release|Any CPU
	EndGlobalSection
	GlobalSection(ProjectConfigurationPlatforms) = postSolution
		{2586F386-29DA-4D83-AB92-D3620AE2DA9D}.Debug|Any CPU.ActiveCfg = Debug|Any CPU
		{2586F386-29DA-4D83-AB92-D3620AE2DA9D}.Debug|Any CPU.Build.0 = Debug|Any CPU
		{2586F386-29DA-4D83-AB92-D3620AE2DA9D}.Release|Any CPU.ActiveCfg = Release|Any CPU
		{2586F386-29DA-4D83-AB92-D3620AE2DA9D}.Release|Any CPU.Build.0 = Release|Any CPU
		{540386EA-8337-4723-BC62-6E70FCE52CE5}.Debug|Any CPU.ActiveCfg = Debug|Any CPU
		{540386EA-8337-4723-BC62-6E70FCE52CE5}.Debug|Any CPU.Build.0 = Debug|Any CPU
		{540386EA-8337-4723-BC62-6E70FCE52CE5}.Release|Any CPU.ActiveCfg = Release|Any CPU
		{540386EA-8337-4723-BC62-6E70FCE52CE5}.Release|Any CPU.Build.0 = Release|Any CPU
		{C101FA70-21E0-4188-88F7-2C447218CE31}.Debug|Any CPU.ActiveCfg = Debug|Any CPU
		{C101FA70-21E0-4188-88F7-2C447218CE31}.Debug|Any CPU.Build.0 = Debug|Any CPU
		{C101FA70-21E0-4188-88F7-2C447218CE31}.Release|Any CPU.ActiveCfg = Release|Any CPU
		{C101FA70-21E0-4188-88F7-2C447218CE31}.Release|Any CPU.Build.0 = Release|Any CPU
	EndGlobalSection
	GlobalSection(SolutionProperties) = preSolution
		HideSolutionNode = FALSE
	EndGlobalSection
	GlobalSection(ExtensibilityGlobals) = postSolution
		SolutionGuid = {BD5D82B7-B135-48AF-B177-70ECF9812244}
	EndGlobalSection
EndGlobal
